{
  "originHash" : "37a526e639e27dd9c89f5fa1aaabc05edb5456624c31a5e30b926dccaccc3a16",
  "pins" : [
    {
      "identity" : "audioclipkit",
      "kind" : "remoteSourceControl",
      "location" : "https://github.com/sphericalwave/AudioClipKit.git",
      "state" : {
        "branch" : "main",
        "revision" : "3741e69c9ae3b2941df883d969481c256ed0cc37"
      }
    },
    {
      "identity" : "diagnosticskit",
      "kind" : "remoteSourceControl",
      "location" : "https://github.com/sphericalwave/DiagnosticsKit.git",
      "state" : {
        "branch" : "main",
        "revision" : "d6b3939b57db4609d8e02fad5f41735345d4b6f5"
      }
    },
    {
      "identity" : "equipmentkit",
      "kind" : "remoteSourceControl",
      "location" : "https://github.com/sphericalwave/EquipmentKit.git",
      "state" : {
        "branch" : "main",
        "revision" : "d89b4bfcca98e74d496cf74c55765ee42185e06e"
      }
    },
    {
      "identity" : "heartratekit",
      "kind" : "remoteSourceControl",
      "location" : "https://github.com/sphericalwave/HeartRateKit.git",
      "state" : {
        "branch" : "main",
        "revision" : "35535f2bc99c53d65e90266e966dcb57873fc6e4"
      }
    },
    {
      "identity" : "setlogkit",
      "kind" : "remoteSourceControl",
      "location" : "https://github.com/sphericalwave/SetLogKit.git",
      "state" : {
        "branch" : "main",
        "revision" : "5eb15920a6086ad16b37fd6eaebdffcfde67bdcc"
      }
    },
    {
      "identity" : "swkeyboard",
      "kind" : "remoteSourceControl",
      "location" : "https://github.com/sphericalwave/SwKeyboard.git",
      "state" : {
        "branch" : "main",
        "revision" : "1853ba3e77412f12d2e00d42754b7d16f11d3c4d"
      }
    },
    {
      "identity" : "swmediakit",
      "kind" : "remoteSourceControl",
      "location" : "https://github.com/sphericalwave/SwMediaKit.git",
      "state" : {
        "branch" : "main",
        "revision" : "b1faa9d1cd3872af1c40b556ecdcdc69d5a2b0ce"
      }
    },
    {
      "identity" : "workoutaudiokit",
      "kind" : "remoteSourceControl",
      "location" : "https://github.com/sphericalwave/WorkoutAudioKit.git",
      "state" : {
        "branch" : "main",
        "revision" : "90065241c657d05e304d35b008267db7745fad1b"
      }
    },
    {
      "identity" : "workoutsessionkit",
      "kind" : "remoteSourceControl",
      "location" : "https://github.com/sphericalwave/WorkoutSessionKit.git",
      "state" : {
        "branch" : "main",
        "revision" : "1cbcbba4de0b6835d4496aaeaefa043a4fb19931"
      }
    },
    {
      "identity" : "workoutsynckit",
      "kind" : "remoteSourceControl",
      "location" : "https://github.com/sphericalwave/WorkoutSyncKit.git",
      "state" : {
        "branch" : "main",
        "revision" : "cbd27b24739bc3216fe9d0d673dc6ba7a017fffb"
      }
    }
  ],
  "version" : 3
}
