// !$*UTF8*$!
{
	archiveVersion = 1;
	classes = {
	};
	objectVersion = 50;
	objects = {

/* Begin PBXBuildFile section */
		AF0B756B25E06FDE00A0FF28 /* ProgressiveYogApp.swift in Sources */ = {isa = PBXBuildFile; fileRef = AF0B756A25E06FDE00A0FF28 /* ProgressiveYogApp.swift */; };
		AF0B756D25E06FDE00A0FF28 /* ContentView.swift in Sources */ = {isa = PBXBuildFile; fileRef = AF0B756C25E06FDE00A0FF28 /* ContentView.swift */; };
		AF0B756F25E06FE200A0FF28 /* Assets.xcassets in Resources */ = {isa = PBXBuildFile; fileRef = AF0B756E25E06FE200A0FF28 /* Assets.xcassets */; };
		AF0B757225E06FE200A0FF28 /* Preview Assets.xcassets in Resources */ = {isa = PBXBuildFile; fileRef = AF0B757125E06FE200A0FF28 /* Preview Assets.xcassets */; };
		AF0B757425E06FE200A0FF28 /* Persistence.swift in Sources */ = {isa = PBXBuildFile; fileRef = AF0B757325E06FE200A0FF28 /* Persistence.swift */; };
		AF0B757725E06FE200A0FF28 /* ProgressiveYog.xcdatamodeld in Sources */ = {isa = PBXBuildFile; fileRef = AF0B757525E06FE200A0FF28 /* ProgressiveYog.xcdatamodeld */; };
		AF0B758225E06FE300A0FF28 /* ProgressiveYogTests.swift in Sources */ = {isa = PBXBuildFile; fileRef = AF0B758125E06FE300A0FF28 /* ProgressiveYogTests.swift */; };
		AF0B758D25E06FE300A0FF28 /* ProgressiveYogUITests.swift in Sources */ = {isa = PBXBuildFile; fileRef = AF0B758C25E06FE300A0FF28 /* ProgressiveYogUITests.swift */; };
/* End PBXBuildFile section */

/* Begin PBXContainerItemProxy section */
		AF0B757E25E06FE300A0FF28 /* PBXContainerItemProxy */ = {
			isa = PBXContainerItemProxy;
			containerPortal = AF0B755F25E06FDE00A0FF28 /* Project object */;
			proxyType = 1;
			remoteGlobalIDString = AF0B756625E06FDE00A0FF28;
			remoteInfo = ProgressiveYog;
		};
		AF0B758925E06FE300A0FF28 /* PBXContainerItemProxy */ = {
			isa = PBXContainerItemProxy;
			containerPortal = AF0B755F25E06FDE00A0FF28 /* Project object */;
			proxyType = 1;
			remoteGlobalIDString = AF0B756625E06FDE00A0FF28;
			remoteInfo = ProgressiveYog;
		};
/* End PBXContainerItemProxy section */

/* Begin PBXFileReference section */
		AF0B756725E06FDE00A0FF28 /* ProgressiveYog.app */ = {isa = PBXFileReference; explicitFileType = wrapper.application; includeInIndex = 0; path = ProgressiveYog.app; sourceTree = BUILT_PRODUCTS_DIR; };
		AF0B756A25E06FDE00A0FF28 /* ProgressiveYogApp.swift */ = {isa = PBXFileReference; lastKnownFileType = sourcecode.swift; path = ProgressiveYogApp.swift; sourceTree = "<group>"; };
		AF0B756C25E06FDE00A0FF28 /* ContentView.swift */ = {isa = PBXFileReference; lastKnownFileType = sourcecode.swift; path = ContentView.swift; sourceTree = "<group>"; };
		AF0B756E25E06FE200A0FF28 /* Assets.xcassets */ = {isa = PBXFileReference; lastKnownFileType = folder.assetcatalog; path = Assets.xcassets; sourceTree = "<group>"; };
		AF0B757125E06FE200A0FF28 /* Preview Assets.xcassets */ = {isa = PBXFileReference; lastKnownFileType = folder.assetcatalog; path = "Preview Assets.xcassets"; sourceTree = "<group>"; };
		AF0B757325E06FE200A0FF28 /* Persistence.swift */ = {isa = PBXFileReference; lastKnownFileType = sourcecode.swift; path = Persistence.swift; sourceTree = "<group>"; };
		AF0B757625E06FE200A0FF28 /* ProgressiveYog.xcdatamodel */ = {isa = PBXFileReference; lastKnownFileType = wrapper.xcdatamodel; path = ProgressiveYog.xcdatamodel; sourceTree = "<group>"; };
		AF0B757825E06FE200A0FF28 /* Info.plist */ = {isa = PBXFileReference; lastKnownFileType = text.plist.xml; path = Info.plist; sourceTree = "<group>"; };
		AF0B757D25E06FE300A0FF28 /* ProgressiveYogTests.xctest */ = {isa = PBXFileReference; explicitFileType = wrapper.cfbundle; includeInIndex = 0; path = ProgressiveYogTests.xctest; sourceTree = BUILT_PRODUCTS_DIR; };
		AF0B758125E06FE300A0FF28 /* ProgressiveYogTests.swift */ = {isa = PBXFileReference; lastKnownFileType = sourcecode.swift; path = ProgressiveYogTests.swift; sourceTree = "<group>"; };
		AF0B758325E06FE300A0FF28 /* Info.plist */ = {isa = PBXFileReference; lastKnownFileType = text.plist.xml; path = Info.plist; sourceTree = "<group>"; };
		AF0B758825E06FE300A0FF28 /* ProgressiveYogUITests.xctest */ = {isa = PBXFileReference; explicitFileType = wrapper.cfbundle; includeInIndex = 0; path = ProgressiveYogUITests.xctest; sourceTree = BUILT_PRODUCTS_DIR; };
		AF0B758C25E06FE300A0FF28 /* ProgressiveYogUITests.swift */ = {isa = PBXFileReference; lastKnownFileType = sourcecode.swift; path = ProgressiveYogUITests.swift; sourceTree = "<group>"; };
		AF0B758E25E06FE300A0FF28 /* Info.plist */ = {isa = PBXFileReference; lastKnownFileType = text.plist.xml; path = Info.plist; sourceTree = "<group>"; };
/* End PBXFileReference section */

/* Begin PBXFrameworksBuildPhase section */
		AF0B756425E06FDE00A0FF28 /* Frameworks */ = {
			isa = PBXFrameworksBuildPhase;
			buildActionMask = 2147483647;
			files = (
			);
			runOnlyForDeploymentPostprocessing = 0;
		};
		AF0B757A25E06FE300A0FF28 /* Frameworks */ = {
			isa = PBXFrameworksBuildPhase;
			buildActionMask = 2147483647;
			files = (
			);
			runOnlyForDeploymentPostprocessing = 0;
		};
		AF0B758525E06FE300A0FF28 /* Frameworks */ = {
			isa = PBXFrameworksBuildPhase;
			buildActionMask = 2147483647;
			files = (
			);
			runOnlyForDeploymentPostprocessing = 0;
		};
/* End PBXFrameworksBuildPhase section */

/* Begin PBXGroup section */
		AF0B755E25E06FDE00A0FF28 = {
			isa = PBXGroup;
			children = (
				AF0B756925E06FDE00A0FF28 /* ProgressiveYog */,
				AF0B758025E06FE300A0FF28 /* ProgressiveYogTests */,
				AF0B758B25E06FE300A0FF28 /* ProgressiveYogUITests */,
				AF0B756825E06FDE00A0FF28 /* Products */,
			);
			sourceTree = "<group>";
		};
		AF0B756825E06FDE00A0FF28 /* Products */ = {
			isa = PBXGroup;
			children = (
				AF0B756725E06FDE00A0FF28 /* ProgressiveYog.app */,
				AF0B757D25E06FE300A0FF28 /* ProgressiveYogTests.xctest */,
				AF0B758825E06FE300A0FF28 /* ProgressiveYogUITests.xctest */,
			);
			name = Products;
			sourceTree = "<group>";
		};
		AF0B756925E06FDE00A0FF28 /* ProgressiveYog */ = {
			isa = PBXGroup;
			children = (
				AF0B756A25E06FDE00A0FF28 /* ProgressiveYogApp.swift */,
				AF0B756C25E06FDE00A0FF28 /* ContentView.swift */,
				AF0B756E25E06FE200A0FF28 /* Assets.xcassets */,
				AF0B757325E06FE200A0FF28 /* Persistence.swift */,
				AF0B757825E06FE200A0FF28 /* Info.plist */,
				AF0B757525E06FE200A0FF28 /* ProgressiveYog.xcdatamodeld */,
				AF0B757025E06FE200A0FF28 /* Preview Content */,
			);
			path = ProgressiveYog;
			sourceTree = "<group>";
		};
		AF0B757025E06FE200A0FF28 /* Preview Content */ = {
			isa = PBXGroup;
			children = (
				AF0B757125E06FE200A0FF28 /* Preview Assets.xcassets */,
			);
			path = "Preview Content";
			sourceTree = "<group>";
		};
		AF0B758025E06FE300A0FF28 /* ProgressiveYogTests */ = {
			isa = PBXGroup;
			children = (
				AF0B758125E06FE300A0FF28 /* ProgressiveYogTests.swift */,
				AF0B758325E06FE300A0FF28 /* Info.plist */,
			);
			path = ProgressiveYogTests;
			sourceTree = "<group>";
		};
		AF0B758B25E06FE300A0FF28 /* ProgressiveYogUITests */ = {
			isa = PBXGroup;
			children = (
				AF0B758C25E06FE300A0FF28 /* ProgressiveYogUITests.swift */,
				AF0B758E25E06FE300A0FF28 /* Info.plist */,
			);
			path = ProgressiveYogUITests;
			sourceTree = "<group>";
		};
/* End PBXGroup section */

/* Begin PBXNativeTarget section */
		AF0B756625E06FDE00A0FF28 /* ProgressiveYog */ = {
			isa = PBXNativeTarget;
			buildConfigurationList = AF0B759125E06FE300A0FF28 /* Build configuration list for PBXNativeTarget "ProgressiveYog" */;
			buildPhases = (
				AF0B756325E06FDE00A0FF28 /* Sources */,
				AF0B756425E06FDE00A0FF28 /* Frameworks */,
				AF0B756525E06FDE00A0FF28 /* Resources */,
			);
			buildRules = (
			);
			dependencies = (
			);
			name = ProgressiveYog;
			productName = ProgressiveYog;
			productReference = AF0B756725E06FDE00A0FF28 /* ProgressiveYog.app */;
			productType = "com.apple.product-type.application";
		};
		AF0B757C25E06FE300A0FF28 /* ProgressiveYogTests */ = {
			isa = PBXNativeTarget;
			buildConfigurationList = AF0B759425E06FE300A0FF28 /* Build configuration list for PBXNativeTarget "ProgressiveYogTests" */;
			buildPhases = (
				AF0B757925E06FE300A0FF28 /* Sources */,
				AF0B757A25E06FE300A0FF28 /* Frameworks */,
				AF0B757B25E06FE300A0FF28 /* Resources */,
			);
			buildRules = (
			);
			dependencies = (
				AF0B757F25E06FE300A0FF28 /* PBXTargetDependency */,
			);
			name = ProgressiveYogTests;
			productName = ProgressiveYogTests;
			productReference = AF0B757D25E06FE300A0FF28 /* ProgressiveYogTests.xctest */;
			productType = "com.apple.product-type.bundle.unit-test";
		};
		AF0B758725E06FE300A0FF28 /* ProgressiveYogUITests */ = {
			isa = PBXNativeTarget;
			buildConfigurationList = AF0B759725E06FE300A0FF28 /* Build configuration list for PBXNativeTarget "ProgressiveYogUITests" */;
			buildPhases = (
				AF0B758425E06FE300A0FF28 /* Sources */,
				AF0B758525E06FE300A0FF28 /* Frameworks */,
				AF0B758625E06FE300A0FF28 /* Resources */,
			);
			buildRules = (
			);
			dependencies = (
				AF0B758A25E06FE300A0FF28 /* PBXTargetDependency */,
			);
			name = ProgressiveYogUITests;
			productName = ProgressiveYogUITests;
			productReference = AF0B758825E06FE300A0FF28 /* ProgressiveYogUITests.xctest */;
			productType = "com.apple.product-type.bundle.ui-testing";
		};
/* End PBXNativeTarget section */

/* Begin PBXProject section */
		AF0B755F25E06FDE00A0FF28 /* Project object */ = {
			isa = PBXProject;
			attributes = {
				LastSwiftUpdateCheck = 1240;
				LastUpgradeCheck = 1240;
				TargetAttributes = {
					AF0B756625E06FDE00A0FF28 = {
						CreatedOnToolsVersion = 12.4;
					};
					AF0B757C25E06FE300A0FF28 = {
						CreatedOnToolsVersion = 12.4;
						TestTargetID = AF0B756625E06FDE00A0FF28;
					};
					AF0B758725E06FE300A0FF28 = {
						CreatedOnToolsVersion = 12.4;
						TestTargetID = AF0B756625E06FDE00A0FF28;
					};
				};
			};
			buildConfigurationList = AF0B756225E06FDE00A0FF28 /* Build configuration list for PBXProject "ProgressiveYog" */;
			compatibilityVersion = "Xcode 9.3";
			developmentRegion = en;
			hasScannedForEncodings = 0;
			knownRegions = (
				en,
				Base,
			);
			mainGroup = AF0B755E25E06FDE00A0FF28;
			productRefGroup = AF0B756825E06FDE00A0FF28 /* Products */;
			projectDirPath = "";
			projectRoot = "";
			targets = (
				AF0B756625E06FDE00A0FF28 /* ProgressiveYog */,
				AF0B757C25E06FE300A0FF28 /* ProgressiveYogTests */,
				AF0B758725E06FE300A0FF28 /* ProgressiveYogUITests */,
			);
		};
/* End PBXProject section */

/* Begin PBXResourcesBuildPhase section */
		AF0B756525E06FDE00A0FF28 /* Resources */ = {
			isa = PBXResourcesBuildPhase;
			buildActionMask = 2147483647;
			files = (
				AF0B757225E06FE200A0FF28 /* Preview Assets.xcassets in Resources */,
				AF0B756F25E06FE200A0FF28 /* Assets.xcassets in Resources */,
			);
			runOnlyForDeploymentPostprocessing = 0;
		};
		AF0B757B25E06FE300A0FF28 /* Resources */ = {
			isa = PBXResourcesBuildPhase;
			buildActionMask = 2147483647;
			files = (
			);
			runOnlyForDeploymentPostprocessing = 0;
		};
		AF0B758625E06FE300A0FF28 /* Resources */ = {
			isa = PBXResourcesBuildPhase;
			buildActionMask = 2147483647;
			files = (
			);
			runOnlyForDeploymentPostprocessing = 0;
		};
/* End PBXResourcesBuildPhase section */

/* Begin PBXSourcesBuildPhase section */
		AF0B756325E06FDE00A0FF28 /* Sources */ = {
			isa = PBXSourcesBuildPhase;
			buildActionMask = 2147483647;
			files = (
				AF0B757425E06FE200A0FF28 /* Persistence.swift in Sources */,
				AF0B756D25E06FDE00A0FF28 /* ContentView.swift in Sources */,
				AF0B756B25E06FDE00A0FF28 /* ProgressiveYogApp.swift in Sources */,
				AF0B757725E06FE200A0FF28 /* ProgressiveYog.xcdatamodeld in Sources */,
			);
			runOnlyForDeploymentPostprocessing = 0;
		};
		AF0B757925E06FE300A0FF28 /* Sources */ = {
			isa = PBXSourcesBuildPhase;
			buildActionMask = 2147483647;
			files = (
				AF0B758225E06FE300A0FF28 /* ProgressiveYogTests.swift in Sources */,
			);
			runOnlyForDeploymentPostprocessing = 0;
		};
		AF0B758425E06FE300A0FF28 /* Sources */ = {
			isa = PBXSourcesBuildPhase;
			buildActionMask = 2147483647;
			files = (
				AF0B758D25E06FE300A0FF28 /* ProgressiveYogUITests.swift in Sources */,
			);
			runOnlyForDeploymentPostprocessing = 0;
		};
/* End PBXSourcesBuildPhase section */

/* Begin PBXTargetDependency section */
		AF0B757F25E06FE300A0FF28 /* PBXTargetDependency */ = {
			isa = PBXTargetDependency;
			target = AF0B756625E06FDE00A0FF28 /* ProgressiveYog */;
			targetProxy = AF0B757E25E06FE300A0FF28 /* PBXContainerItemProxy */;
		};
		AF0B758A25E06FE300A0FF28 /* PBXTargetDependency */ = {
			isa = PBXTargetDependency;
			target = AF0B756625E06FDE00A0FF28 /* ProgressiveYog */;
			targetProxy = AF0B758925E06FE300A0FF28 /* PBXContainerItemProxy */;
		};
/* End PBXTargetDependency section */

/* Begin XCBuildConfiguration section */
		AF0B758F25E06FE300A0FF28 /* Debug */ = {
			isa = XCBuildConfiguration;
			buildSettings = {
				ALWAYS_SEARCH_USER_PATHS = NO;
				CLANG_ANALYZER_NONNULL = YES;
				CLANG_ANALYZER_NUMBER_OBJECT_CONVERSION = YES_AGGRESSIVE;
				CLANG_CXX_LANGUAGE_STANDARD = "gnu++14";
				CLANG_CXX_LIBRARY = "libc++";
				CLANG_ENABLE_MODULES = YES;
				CLANG_ENABLE_OBJC_ARC = YES;
				CLANG_ENABLE_OBJC_WEAK = YES;
				CLANG_WARN_BLOCK_CAPTURE_AUTORELEASING = YES;
				CLANG_WARN_BOOL_CONVERSION = YES;
				CLANG_WARN_COMMA = YES;
				CLANG_WARN_CONSTANT_CONVERSION = YES;
				CLANG_WARN_DEPRECATED_OBJC_IMPLEMENTATIONS = YES;
				CLANG_WARN_DIRECT_OBJC_ISA_USAGE = YES_ERROR;
				CLANG_WARN_DOCUMENTATION_COMMENTS = YES;
				CLANG_WARN_EMPTY_BODY = YES;
				CLANG_WARN_ENUM_CONVERSION = YES;
				CLANG_WARN_INFINITE_RECURSION = YES;
				CLANG_WARN_INT_CONVERSION = YES;
				CLANG_WARN_NON_LITERAL_NULL_CONVERSION = YES;
				CLANG_WARN_OBJC_IMPLICIT_RETAIN_SELF = YES;
				CLANG_WARN_OBJC_LITERAL_CONVERSION = YES;
				CLANG_WARN_OBJC_ROOT_CLASS = YES_ERROR;
				CLANG_WARN_QUOTED_INCLUDE_IN_FRAMEWORK_HEADER = YES;
				CLANG_WARN_RANGE_LOOP_ANALYSIS = YES;
				CLANG_WARN_STRICT_PROTOTYPES = YES;
				CLANG_WARN_SUSPICIOUS_MOVE = YES;
				CLANG_WARN_UNGUARDED_AVAILABILITY = YES_AGGRESSIVE;
				CLANG_WARN_UNREACHABLE_CODE = YES;
				CLANG_WARN__DUPLICATE_METHOD_MATCH = YES;
				COPY_PHASE_STRIP = NO;
				DEBUG_INFORMATION_FORMAT = dwarf;
				ENABLE_STRICT_OBJC_MSGSEND = YES;
				ENABLE_TESTABILITY = YES;
				GCC_C_LANGUAGE_STANDARD = gnu11;
				GCC_DYNAMIC_NO_PIC = NO;
				GCC_NO_COMMON_BLOCKS = YES;
				GCC_OPTIMIZATION_LEVEL = 0;
				GCC_PREPROCESSOR_DEFINITIONS = (
					"DEBUG=1",
					"$(inherited)",
				);
				GCC_WARN_64_TO_32_BIT_CONVERSION = YES;
				GCC_WARN_ABOUT_RETURN_TYPE = YES_ERROR;
				GCC_WARN_UNDECLARED_SELECTOR = YES;
				GCC_WARN_UNINITIALIZED_AUTOS = YES_AGGRESSIVE;
				GCC_WARN_UNUSED_FUNCTION = YES;
				GCC_WARN_UNUSED_VARIABLE = YES;
				IPHONEOS_DEPLOYMENT_TARGET = 14.4;
				MTL_ENABLE_DEBUG_INFO = INCLUDE_SOURCE;
				MTL_FAST_MATH = YES;
				ONLY_ACTIVE_ARCH = YES;
				SDKROOT = iphoneos;
				SWIFT_ACTIVE_COMPILATION_CONDITIONS = DEBUG;
				SWIFT_OPTIMIZATION_LEVEL = "-Onone";
			};
			name = Debug;
		};
		AF0B759025E06FE300A0FF28 /* Release */ = {
			isa = XCBuildConfiguration;
			buildSettings = {
				ALWAYS_SEARCH_USER_PATHS = NO;
				CLANG_ANALYZER_NONNULL = YES;
				CLANG_ANALYZER_NUMBER_OBJECT_CONVERSION = YES_AGGRESSIVE;
				CLANG_CXX_LANGUAGE_STANDARD = "gnu++14";
				CLANG_CXX_LIBRARY = "libc++";
				CLANG_ENABLE_MODULES = YES;
				CLANG_ENABLE_OBJC_ARC = YES;
				CLANG_ENABLE_OBJC_WEAK = YES;
				CLANG_WARN_BLOCK_CAPTURE_AUTORELEASING = YES;
				CLANG_WARN_BOOL_CONVERSION = YES;
				CLANG_WARN_COMMA = YES;
				CLANG_WARN_CONSTANT_CONVERSION = YES;
				CLANG_WARN_DEPRECATED_OBJC_IMPLEMENTATIONS = YES;
				CLANG_WARN_DIRECT_OBJC_ISA_USAGE = YES_ERROR;
				CLANG_WARN_DOCUMENTATION_COMMENTS = YES;
				CLANG_WARN_EMPTY_BODY = YES;
				CLANG_WARN_ENUM_CONVERSION = YES;
				CLANG_WARN_INFINITE_RECURSION = YES;
				CLANG_WARN_INT_CONVERSION = YES;
				CLANG_WARN_NON_LITERAL_NULL_CONVERSION = YES;
				CLANG_WARN_OBJC_IMPLICIT_RETAIN_SELF = YES;
				CLANG_WARN_OBJC_LITERAL_CONVERSION = YES;
				CLANG_WARN_OBJC_ROOT_CLASS = YES_ERROR;
				CLANG_WARN_QUOTED_INCLUDE_IN_FRAMEWORK_HEADER = YES;
				CLANG_WARN_RANGE_LOOP_ANALYSIS = YES;
				CLANG_WARN_STRICT_PROTOTYPES = YES;
				CLANG_WARN_SUSPICIOUS_MOVE = YES;
				CLANG_WARN_UNGUARDED_AVAILABILITY = YES_AGGRESSIVE;
				CLANG_WARN_UNREACHABLE_CODE = YES;
				CLANG_WARN__DUPLICATE_METHOD_MATCH = YES;
				COPY_PHASE_STRIP = NO;
				DEBUG_INFORMATION_FORMAT = "dwarf-with-dsym";
				ENABLE_NS_ASSERTIONS = NO;
				ENABLE_STRICT_OBJC_MSGSEND = YES;
				GCC_C_LANGUAGE_STANDARD = gnu11;
				GCC_NO_COMMON_BLOCKS = YES;
				GCC_WARN_64_TO_32_BIT_CONVERSION = YES;
				GCC_WARN_ABOUT_RETURN_TYPE = YES_ERROR;
				GCC_WARN_UNDECLARED_SELECTOR = YES;
				GCC_WARN_UNINITIALIZED_AUTOS = YES_AGGRESSIVE;
				GCC_WARN_UNUSED_FUNCTION = YES;
				GCC_WARN_UNUSED_VARIABLE = YES;
				IPHONEOS_DEPLOYMENT_TARGET = 14.4;
				MTL_ENABLE_DEBUG_INFO = NO;
				MTL_FAST_MATH = YES;
				SDKROOT = iphoneos;
				SWIFT_COMPILATION_MODE = wholemodule;
				SWIFT_OPTIMIZATION_LEVEL = "-O";
				VALIDATE_PRODUCT = YES;
			};
			name = Release;
		};
		AF0B759225E06FE300A0FF28 /* Debug */ = {
			isa = XCBuildConfiguration;
			buildSettings = {
				ASSETCATALOG_COMPILER_APPICON_NAME = AppIcon;
				ASSETCATALOG_COMPILER_GLOBAL_ACCENT_COLOR_NAME = AccentColor;
				CODE_SIGN_STYLE = Automatic;
				DEVELOPMENT_ASSET_PATHS = "\"ProgressiveYog/Preview Content\"";
				DEVELOPMENT_TEAM = TPR24Z5M9G;
				ENABLE_PREVIEWS = YES;
				INFOPLIST_FILE = ProgressiveYog/Info.plist;
				IPHONEOS_DEPLOYMENT_TARGET = 14.0;
				LD_RUNPATH_SEARCH_PATHS = (
					"$(inherited)",
					"@executable_path/Frameworks",
				);
				PRODUCT_BUNDLE_IDENTIFIER = SWS.ProgressiveYog;
				PRODUCT_NAME = "$(TARGET_NAME)";
				SWIFT_VERSION = 5.0;
				TARGETED_DEVICE_FAMILY = "1,2";
			};
			name = Debug;
		};
		AF0B759325E06FE300A0FF28 /* Release */ = {
			isa = XCBuildConfiguration;
			buildSettings = {
				ASSETCATALOG_COMPILER_APPICON_NAME = AppIcon;
				ASSETCATALOG_COMPILER_GLOBAL_ACCENT_COLOR_NAME = AccentColor;
				CODE_SIGN_STYLE = Automatic;
				DEVELOPMENT_ASSET_PATHS = "\"ProgressiveYog/Preview Content\"";
				DEVELOPMENT_TEAM = TPR24Z5M9G;
				ENABLE_PREVIEWS = YES;
				INFOPLIST_FILE = ProgressiveYog/Info.plist;
				IPHONEOS_DEPLOYMENT_TARGET = 14.0;
				LD_RUNPATH_SEARCH_PATHS = (
					"$(inherited)",
					"@executable_path/Frameworks",
				);
				PRODUCT_BUNDLE_IDENTIFIER = SWS.ProgressiveYog;
				PRODUCT_NAME = "$(TARGET_NAME)";
				SWIFT_VERSION = 5.0;
				TARGETED_DEVICE_FAMILY = "1,2";
			};
			name = Release;
		};
		AF0B759525E06FE300A0FF28 /* Debug */ = {
			isa = XCBuildConfiguration;
			buildSettings = {
				ALWAYS_EMBED_SWIFT_STANDARD_LIBRARIES = YES;
				BUNDLE_LOADER = "$(TEST_HOST)";
				CODE_SIGN_STYLE = Automatic;
				DEVELOPMENT_TEAM = TPR24Z5M9G;
				INFOPLIST_FILE = ProgressiveYogTests/Info.plist;
				IPHONEOS_DEPLOYMENT_TARGET = 14.0;
				LD_RUNPATH_SEARCH_PATHS = (
					"$(inherited)",
					"@executable_path/Frameworks",
					"@loader_path/Frameworks",
				);
				PRODUCT_BUNDLE_IDENTIFIER = SWS.ProgressiveYogTests;
				PRODUCT_NAME = "$(TARGET_NAME)";
				SWIFT_VERSION = 5.0;
				TARGETED_DEVICE_FAMILY = "1,2";
				TEST_HOST = "$(BUILT_PRODUCTS_DIR)/ProgressiveYog.app/ProgressiveYog";
			};
			name = Debug;
		};
		AF0B759625E06FE300A0FF28 /* Release */ = {
			isa = XCBuildConfiguration;
			buildSettings = {
				ALWAYS_EMBED_SWIFT_STANDARD_LIBRARIES = YES;
				BUNDLE_LOADER = "$(TEST_HOST)";
				CODE_SIGN_STYLE = Automatic;
				DEVELOPMENT_TEAM = TPR24Z5M9G;
				INFOPLIST_FILE = ProgressiveYogTests/Info.plist;
				IPHONEOS_DEPLOYMENT_TARGET = 14.0;
				LD_RUNPATH_SEARCH_PATHS = (
					"$(inherited)",
					"@executable_path/Frameworks",
					"@loader_path/Frameworks",
				);
				PRODUCT_BUNDLE_IDENTIFIER = SWS.ProgressiveYogTests;
				PRODUCT_NAME = "$(TARGET_NAME)";
				SWIFT_VERSION = 5.0;
				TARGETED_DEVICE_FAMILY = "1,2";
				TEST_HOST = "$(BUILT_PRODUCTS_DIR)/ProgressiveYog.app/ProgressiveYog";
			};
			name = Release;
		};
		AF0B759825E06FE300A0FF28 /* Debug */ = {
			isa = XCBuildConfiguration;
			buildSettings = {
				ALWAYS_EMBED_SWIFT_STANDARD_LIBRARIES = YES;
				CODE_SIGN_STYLE = Automatic;
				DEVELOPMENT_TEAM = TPR24Z5M9G;
				INFOPLIST_FILE = ProgressiveYogUITests/Info.plist;
				LD_RUNPATH_SEARCH_PATHS = (
					"$(inherited)",
					"@executable_path/Frameworks",
					"@loader_path/Frameworks",
				);
				PRODUCT_BUNDLE_IDENTIFIER = SWS.ProgressiveYogUITests;
				PRODUCT_NAME = "$(TARGET_NAME)";
				SWIFT_VERSION = 5.0;
				TARGETED_DEVICE_FAMILY = "1,2";
				TEST_TARGET_NAME = ProgressiveYog;
			};
			name = Debug;
		};
		AF0B759925E06FE300A0FF28 /* Release */ = {
			isa = XCBuildConfiguration;
			buildSettings = {
				ALWAYS_EMBED_SWIFT_STANDARD_LIBRARIES = YES;
				CODE_SIGN_STYLE = Automatic;
				DEVELOPMENT_TEAM = TPR24Z5M9G;
				INFOPLIST_FILE = ProgressiveYogUITests/Info.plist;
				LD_RUNPATH_SEARCH_PATHS = (
					"$(inherited)",
					"@executable_path/Frameworks",
					"@loader_path/Frameworks",
				);
				PRODUCT_BUNDLE_IDENTIFIER = SWS.ProgressiveYogUITests;
				PRODUCT_NAME = "$(TARGET_NAME)";
				SWIFT_VERSION = 5.0;
				TARGETED_DEVICE_FAMILY = "1,2";
				TEST_TARGET_NAME = ProgressiveYog;
			};
			name = Release;
		};
/* End XCBuildConfiguration section */

/* Begin XCConfigurationList section */
		AF0B756225E06FDE00A0FF28 /* Build configuration list for PBXProject "ProgressiveYog" */ = {
			isa = XCConfigurationList;
			buildConfigurations = (
				AF0B758F25E06FE300A0FF28 /* Debug */,
				AF0B759025E06FE300A0FF28 /* Release */,
			);
			defaultConfigurationIsVisible = 0;
			defaultConfigurationName = Release;
		};
		AF0B759125E06FE300A0FF28 /* Build configuration list for PBXNativeTarget "ProgressiveYog" */ = {
			isa = XCConfigurationList;
			buildConfigurations = (
				AF0B759225E06FE300A0FF28 /* Debug */,
				AF0B759325E06FE300A0FF28 /* Release */,
			);
			defaultConfigurationIsVisible = 0;
			defaultConfigurationName = Release;
		};
		AF0B759425E06FE300A0FF28 /* Build configuration list for PBXNativeTarget "ProgressiveYogTests" */ = {
			isa = XCConfigurationList;
			buildConfigurations = (
				AF0B759525E06FE300A0FF28 /* Debug */,
				AF0B759625E06FE300A0FF28 /* Release */,
			);
			defaultConfigurationIsVisible = 0;
			defaultConfigurationName = Release;
		};
		AF0B759725E06FE300A0FF28 /* Build configuration list for PBXNativeTarget "ProgressiveYogUITests" */ = {
			isa = XCConfigurationList;
			buildConfigurations = (
				AF0B759825E06FE300A0FF28 /* Debug */,
				AF0B759925E06FE300A0FF28 /* Release */,
			);
			defaultConfigurationIsVisible = 0;
			defaultConfigurationName = Release;
		};
/* End XCConfigurationList section */

/* Begin XCVersionGroup section */
		AF0B757525E06FE200A0FF28 /* ProgressiveYog.xcdatamodeld */ = {
			isa = XCVersionGroup;
			children = (
				AF0B757625E06FE200A0FF28 /* ProgressiveYog.xcdatamodel */,
			);
			currentVersion = AF0B757625E06FE200A0FF28 /* ProgressiveYog.xcdatamodel */;
			path = ProgressiveYog.xcdatamodeld;
			sourceTree = "<group>";
			versionGroupType = wrapper.xcdatamodel;
		};
/* End XCVersionGroup section */
	};
	rootObject = AF0B755F25E06FDE00A0FF28 /* Project object */;
}
